
Microsoft Visual Studio Solution File, Format Version 12.00
# Visual Studio Version 16
VisualStudioVersion = 16.0.32407.337
MinimumVisualStudioVersion = 10.0.40219.1
Project("{C9674DCB-5085-4A16-B785-4C70DD1589BD}") = "EjemploDW", "EjemploDW\EjemploDW.dtproj", "{41A378C3-180D-4622-906D-8888217741FB}"
EndProject
Global
	GlobalSection(SolutionConfigurationPlatforms) = preSolution
		Development|Default = Development|Default
	EndGlobalSection
	GlobalSection(ProjectConfigurationPlatforms) = postSolution
		{41A378C3-180D-4622-906D-8888217741FB}.Development|Default.ActiveCfg = Development
		{41A378C3-180D-4622-906D-8888217741FB}.Development|Default.Build.0 = Development
	EndGlobalSection
	GlobalSection(SolutionProperties) = preSolution
		HideSolutionNode = FALSE
	EndGlobalSection
	GlobalSection(ExtensibilityGlobals) = postSolution
		SolutionGuid = {B12A5C5C-8250-4269-8D00-12B8A55FB9B3}
	EndGlobalSection
EndGlobal
